// !$*UTF8*$!
{
	archiveVersion = 1;
	classes = {
	};
	objectVersion = 56;
	objects = {
		000000000000000000000001 = {isa = PBXBuildFile; fileRef = 000000000000000000000002; };
		000000000000000000000002 = {isa = PBXFileReference; lastKnownFileType = sourcecode.swift; path = ../JasmineApp.swift; sourceTree = "<group>"; };
		000000000000000000000003 = {isa = PBXFileReference; lastKnownFileType = text.plist.xml; path = ../Info.plist; sourceTree = "<group>"; };
		000000000000000000000004 = {isa = PBXFileReference; explicitFileType = wrapper.application; includeInIndex = 0; path = Jasmine.app; sourceTree = BUILT_PRODUCTS_DIR; };
		000000000000000000000005 = {isa = PBXSourcesBuildPhase; buildActionMask = 2147483647; files = (000000000000000000000001); runOnlyForDeploymentPostprocessing = 0; };
		000000000000000000000006 = {isa = PBXFrameworksBuildPhase; buildActionMask = 2147483647; files = (); runOnlyForDeploymentPostprocessing = 0; };
		000000000000000000000007 = {isa = PBXResourcesBuildPhase; buildActionMask = 2147483647; files = (); runOnlyForDeploymentPostprocessing = 0; };
		000000000000000000000008 = {isa = PBXGroup; children = (000000000000000000000009, 00000000000000000000000A); sourceTree = "<group>"; };
		000000000000000000000009 = {isa = PBXGroup; children = (000000000000000000000002, 000000000000000000000003); path = ..; sourceTree = "<group>"; };
		00000000000000000000000A = {isa = PBXGroup; children = (000000000000000000000004); name = Products; sourceTree = "<group>"; };
		00000000000000000000000B = {isa = PBXNativeTarget; buildConfigurationList = 00000000000000000000000D; buildPhases = (000000000000000000000005, 000000000000000000000006, 000000000000000000000007); buildRules = (); dependencies = (); name = Jasmine; productName = Jasmine; productReference = 000000000000000000000004; productType = "com.apple.product-type.application"; };
		00000000000000000000000C = {isa = PBXProject; attributes = {LastUpgradeCheck = 1600; TargetAttributes = {00000000000000000000000B = {CreatedOnToolsVersion = 16.0;};};}; buildConfigurationList = 00000000000000000000000E; compatibilityVersion = "Xcode 15.0"; developmentRegion = en; mainGroup = 000000000000000000000008; productRefGroup = 00000000000000000000000A; projectDirPath = ""; projectRoot = ""; targets = (00000000000000000000000B); };
		00000000000000000000000F = {isa = XCBuildConfiguration; buildSettings = {CODE_SIGNING_ALLOWED = NO; CODE_SIGNING_REQUIRED = NO; CURRENT_PROJECT_VERSION = 1; INFOPLIST_FILE = ../Info.plist; IPHONEOS_DEPLOYMENT_TARGET = 16.0; PRODUCT_BUNDLE_IDENTIFIER = com.jasmine.ios; PRODUCT_NAME = Jasmine; SWIFT_VERSION = 5.0; TARGETED_DEVICE_FAMILY = "1,2"; };
		000000000000000000000010 = {isa = XCBuildConfiguration; buildSettings = {CODE_SIGNING_ALLOWED = NO; CODE_SIGNING_REQUIRED = NO; CURRENT_PROJECT_VERSION = 1; INFOPLIST_FILE = ../Info.plist; IPHONEOS_DEPLOYMENT_TARGET = 16.0; PRODUCT_BUNDLE_IDENTIFIER = com.jasmine.ios; PRODUCT_NAME = Jasmine; SWIFT_OPTIMIZATION_LEVEL = "-Owholemodule"; SWIFT_VERSION = 5.0; TARGETED_DEVICE_FAMILY = "1,2"; };
		00000000000000000000000D = {isa = XCConfigurationList; buildConfigurations = (00000000000000000000000F, 000000000000000000000010); defaultConfigurationIsVisible = 0; defaultConfigurationName = Release; };
		00000000000000000000000E = {isa = XCConfigurationList; buildConfigurations = (00000000000000000000000F, 000000000000000000000010); defaultConfigurationIsVisible = 0; defaultConfigurationName = Release; };
	};
	rootObject = 00000000000000000000000C;
}
